
Microsoft Visual Studio Solution File, Format Version 12.00
# Visual Studio Version 17
VisualStudioVersion = 17.8.34511.84
MinimumVisualStudioVersion = 10.0.40219.1
Project("{888888A0-9F3D-457C-B088-3A5042F75D52}") = "WebProject", "WebProject\WebProject.pyproj", "{36CA5090-E85A-4B42-AA3B-F2430DA62612}"
EndProject
Global
	GlobalSection(SolutionConfigurationPlatforms) = preSolution
		Debug|Any CPU = Debug|Any CPU
		Release|Any CPU = Release|Any CPU
	EndGlobalSection
	GlobalSection(ProjectConfigurationPlatforms) = postSolution
		{36CA5090-E85A-4B42-AA3B-F2430DA62612}.Debug|Any CPU.ActiveCfg = Debug|Any CPU
		{36CA5090-E85A-4B42-AA3B-F2430DA62612}.Release|Any CPU.ActiveCfg = Release|Any CPU
	EndGlobalSection
	GlobalSection(SolutionProperties) = preSolution
		HideSolutionNode = FALSE
	EndGlobalSection
	GlobalSection(ExtensibilityGlobals) = postSolution
		SolutionGuid = {8B512AE9-5D2F-49B4-B8E4-B24C2248EA2D}
	EndGlobalSection
EndGlobal
